
Microsoft Visual Studio Solution File, Format Version 12.00
# Visual Studio Version 17
VisualStudioVersion = 17.14.37111.16 d17.14
MinimumVisualStudioVersion = 10.0.40219.1
Project("{FAE04EC0-301F-11D3-BF4B-00C04F79EFBC}") = "COMP003B.Assignment4", "COMP003B.Assignment4\COMP003B.Assignment4.csproj", "{B6994E96-9008-41AF-87C3-2E1B5154AF15}"
EndProject
Global
	GlobalSection(SolutionConfigurationPlatforms) = preSolution
		Debug|Any CPU = Debug|Any CPU
		Release|Any CPU = Release|Any CPU
	EndGlobalSection
	GlobalSection(ProjectConfigurationPlatforms) = postSolution
		{B6994E96-9008-41AF-87C3-2E1B5154AF15}.Debug|Any CPU.ActiveCfg = Debug|Any CPU
		{B6994E96-9008-41AF-87C3-2E1B5154AF15}.Debug|Any CPU.Build.0 = Debug|Any CPU
		{B6994E96-9008-41AF-87C3-2E1B5154AF15}.Release|Any CPU.ActiveCfg = Release|Any CPU
		{B6994E96-9008-41AF-87C3-2E1B5154AF15}.Release|Any CPU.Build.0 = Release|Any CPU
	EndGlobalSection
	GlobalSection(SolutionProperties) = preSolution
		HideSolutionNode = FALSE
	EndGlobalSection
	GlobalSection(ExtensibilityGlobals) = postSolution
		SolutionGuid = {D7BC2CDB-E3DD-41CD-8208-BC551ACF6BE0}
	EndGlobalSection
EndGlobal
